
Microsoft Visual Studio Solution File, Format Version 12.00
# Visual Studio 14
VisualStudioVersion = 14.0.24720.0
MinimumVisualStudioVersion = 10.0.40219.1
Project("{FAE04EC0-301F-11D3-BF4B-00C04F79EFBC}") = "WebApplication", "WebApplication\WebApplication.csproj", "{5C436364-8ACE-4278-8DDD-815D987606EB}"
EndProject
Project("{E24C65DC-7377-472B-9ABA-BC803B73C61A}") = "WebSite", "..\WebSite\", "{A204217B-3BAF-41A0-91AD-F0E672AD45F3}"
	ProjectSection(WebsiteProperties) = preProject
		TargetFrameworkMoniker = ".NETFramework,Version%3Dv4.5.2"
		Debug.AspNetCompiler.VirtualPath = "/localhost_14187"
		Debug.AspNetCompiler.PhysicalPath = "..\WebSite\"
		Debug.AspNetCompiler.TargetPath = "PrecompiledWeb\localhost_14187\"
		Debug.AspNetCompiler.Updateable = "true"
		Debug.AspNetCompiler.ForceOverwrite = "true"
		Debug.AspNetCompiler.FixedNames = "false"
		Debug.AspNetCompiler.Debug = "True"
		Release.AspNetCompiler.VirtualPath = "/localhost_14187"
		Release.AspNetCompiler.PhysicalPath = "..\WebSite\"
		Release.AspNetCompiler.TargetPath = "PrecompiledWeb\localhost_14187\"
		Release.AspNetCompiler.Updateable = "true"
		Release.AspNetCompiler.ForceOverwrite = "true"
		Release.AspNetCompiler.FixedNames = "false"
		Release.AspNetCompiler.Debug = "False"
		VWDPort = "14187"
		SlnRelativePath = "..\WebSite\"
		DefaultWebSiteLanguage = "Visual C#"
	EndProjectSection
EndProject
Project("{E24C65DC-7377-472B-9ABA-BC803B73C61A}") = "WebSite1(1)", "..\WebSite1\", "{CDFE07F9-E3DA-415C-AD11-83DB39EBC0A1}"
	ProjectSection(WebsiteProperties) = preProject
		TargetFrameworkMoniker = ".NETFramework,Version%3Dv4.5.2"
		Debug.AspNetCompiler.VirtualPath = "/localhost_18945"
		Debug.AspNetCompiler.PhysicalPath = "..\WebSite1\"
		Debug.AspNetCompiler.TargetPath = "PrecompiledWeb\localhost_18945\"
		Debug.AspNetCompiler.Updateable = "true"
		Debug.AspNetCompiler.ForceOverwrite = "true"
		Debug.AspNetCompiler.FixedNames = "false"
		Debug.AspNetCompiler.Debug = "True"
		Release.AspNetCompiler.VirtualPath = "/localhost_18945"
		Release.AspNetCompiler.PhysicalPath = "..\WebSite1\"
		Release.AspNetCompiler.TargetPath = "PrecompiledWeb\localhost_18945\"
		Release.AspNetCompiler.Updateable = "true"
		Release.AspNetCompiler.ForceOverwrite = "true"
		Release.AspNetCompiler.FixedNames = "false"
		Release.AspNetCompiler.Debug = "False"
		VWDPort = "18945"
		SlnRelativePath = "..\WebSite1\"
		DefaultWebSiteLanguage = "Visual C#"
	EndProjectSection
EndProject
Global
	GlobalSection(SolutionConfigurationPlatforms) = preSolution
		Debug|Any CPU = Debug|Any CPU
		Release|Any CPU = Release|Any CPU
	EndGlobalSection
	GlobalSection(ProjectConfigurationPlatforms) = postSolution
		{5C436364-8ACE-4278-8DDD-815D987606EB}.Debug|Any CPU.ActiveCfg = Debug|Any CPU
		{5C436364-8ACE-4278-8DDD-815D987606EB}.Debug|Any CPU.Build.0 = Debug|Any CPU
		{5C436364-8ACE-4278-8DDD-815D987606EB}.Release|Any CPU.ActiveCfg = Release|Any CPU
		{5C436364-8ACE-4278-8DDD-815D987606EB}.Release|Any CPU.Build.0 = Release|Any CPU
		{A204217B-3BAF-41A0-91AD-F0E672AD45F3}.Debug|Any CPU.ActiveCfg = Debug|Any CPU
		{A204217B-3BAF-41A0-91AD-F0E672AD45F3}.Debug|Any CPU.Build.0 = Debug|Any CPU
		{A204217B-3BAF-41A0-91AD-F0E672AD45F3}.Release|Any CPU.ActiveCfg = Debug|Any CPU
		{A204217B-3BAF-41A0-91AD-F0E672AD45F3}.Release|Any CPU.Build.0 = Debug|Any CPU
		{CDFE07F9-E3DA-415C-AD11-83DB39EBC0A1}.Debug|Any CPU.ActiveCfg = Debug|Any CPU
		{CDFE07F9-E3DA-415C-AD11-83DB39EBC0A1}.Debug|Any CPU.Build.0 = Debug|Any CPU
		{CDFE07F9-E3DA-415C-AD11-83DB39EBC0A1}.Release|Any CPU.ActiveCfg = Debug|Any CPU
		{CDFE07F9-E3DA-415C-AD11-83DB39EBC0A1}.Release|Any CPU.Build.0 = Debug|Any CPU
	EndGlobalSection
	GlobalSection(SolutionProperties) = preSolution
		HideSolutionNode = FALSE
	EndGlobalSection
EndGlobal
